
Microsoft Visual Studio Solution File, Format Version 12.00
# Visual Studio 15
VisualStudioVersion = 15.0.27130.2036
MinimumVisualStudioVersion = 10.0.40219.1
Project("{FAE04EC0-301F-11D3-BF4B-00C04F79EFBC}") = "SportsStoreApi", "SportsStoreApi\SportsStoreApi.csproj", "{598DC546-BBDD-4751-8666-55FD7DD0A4B7}"
EndProject
Project("{FAE04EC0-301F-11D3-BF4B-00C04F79EFBC}") = "SportsStoreApi.DataAccess", "SportsStoreApi.DataAccess\SportsStoreApi.DataAccess.csproj", "{36F20B20-B158-4FA3-A5DB-9AD1BE656074}"
EndProject
Project("{FAE04EC0-301F-11D3-BF4B-00C04F79EFBC}") = "SportsStore.DataAccess.Ef", "SportsStore.DataAccess.Ef\SportsStore.DataAccess.Ef.csproj", "{57839B96-E711-478F-A5AB-B9CB92D94226}"
EndProject
Project("{FAE04EC0-301F-11D3-BF4B-00C04F79EFBC}") = "SportsStoreApi.DataAccess.Ef.SeedData", "SportsStoreApi.DataAccess.Ef.SeedData\SportsStoreApi.DataAccess.Ef.SeedData.csproj", "{1986C07F-99BD-4C58-9DB4-81036D0C72E5}"
EndProject
Project("{E53339B2-1760-4266-BCC7-CA923CBCF16C}") = "docker-compose", "docker-compose.dcproj", "{DA436E31-FE25-4754-9ED1-CB4CF147BA36}"
EndProject
Global
	GlobalSection(SolutionConfigurationPlatforms) = preSolution
		Debug|Any CPU = Debug|Any CPU
		Release|Any CPU = Release|Any CPU
	EndGlobalSection
	GlobalSection(ProjectConfigurationPlatforms) = postSolution
		{598DC546-BBDD-4751-8666-55FD7DD0A4B7}.Debug|Any CPU.ActiveCfg = Debug|Any CPU
		{598DC546-BBDD-4751-8666-55FD7DD0A4B7}.Debug|Any CPU.Build.0 = Debug|Any CPU
		{598DC546-BBDD-4751-8666-55FD7DD0A4B7}.Release|Any CPU.ActiveCfg = Release|Any CPU
		{598DC546-BBDD-4751-8666-55FD7DD0A4B7}.Release|Any CPU.Build.0 = Release|Any CPU
		{36F20B20-B158-4FA3-A5DB-9AD1BE656074}.Debug|Any CPU.ActiveCfg = Debug|Any CPU
		{36F20B20-B158-4FA3-A5DB-9AD1BE656074}.Debug|Any CPU.Build.0 = Debug|Any CPU
		{36F20B20-B158-4FA3-A5DB-9AD1BE656074}.Release|Any CPU.ActiveCfg = Release|Any CPU
		{36F20B20-B158-4FA3-A5DB-9AD1BE656074}.Release|Any CPU.Build.0 = Release|Any CPU
		{57839B96-E711-478F-A5AB-B9CB92D94226}.Debug|Any CPU.ActiveCfg = Debug|Any CPU
		{57839B96-E711-478F-A5AB-B9CB92D94226}.Debug|Any CPU.Build.0 = Debug|Any CPU
		{57839B96-E711-478F-A5AB-B9CB92D94226}.Release|Any CPU.ActiveCfg = Release|Any CPU
		{57839B96-E711-478F-A5AB-B9CB92D94226}.Release|Any CPU.Build.0 = Release|Any CPU
		{1986C07F-99BD-4C58-9DB4-81036D0C72E5}.Debug|Any CPU.ActiveCfg = Debug|Any CPU
		{1986C07F-99BD-4C58-9DB4-81036D0C72E5}.Debug|Any CPU.Build.0 = Debug|Any CPU
		{1986C07F-99BD-4C58-9DB4-81036D0C72E5}.Release|Any CPU.ActiveCfg = Release|Any CPU
		{1986C07F-99BD-4C58-9DB4-81036D0C72E5}.Release|Any CPU.Build.0 = Release|Any CPU
		{DA436E31-FE25-4754-9ED1-CB4CF147BA36}.Debug|Any CPU.ActiveCfg = Debug|Any CPU
		{DA436E31-FE25-4754-9ED1-CB4CF147BA36}.Debug|Any CPU.Build.0 = Debug|Any CPU
		{DA436E31-FE25-4754-9ED1-CB4CF147BA36}.Release|Any CPU.ActiveCfg = Release|Any CPU
		{DA436E31-FE25-4754-9ED1-CB4CF147BA36}.Release|Any CPU.Build.0 = Release|Any CPU
	EndGlobalSection
	GlobalSection(SolutionProperties) = preSolution
		HideSolutionNode = FALSE
	EndGlobalSection
	GlobalSection(ExtensibilityGlobals) = postSolution
		SolutionGuid = {1143A70D-A18F-458F-8727-A73E21883DE1}
	EndGlobalSection
EndGlobal
